{
  "lockfileVersion": 1,
  "configVersion": 1,
  "workspaces": {
    "": {
      "name": "kuralle-whatsapp-agents",
      "dependencies": {
        "@ai-sdk/google": "^3.0.0",
        "@ai-sdk/openai": "^3.0.0",
        "@ai-sdk/xai": "^3.0.0",
        "@kuralle-agents/core": "^0.5.0",
        "@kuralle-agents/engagement": "^0.5.0",
        "@kuralle-agents/messaging": "^0.5.0",
        "@kuralle-agents/messaging-meta": "^0.5.0",
        "ai": "^6.0.0",
        "zod": "^3.23.0",
      },
      "devDependencies": {
        "@types/node": "^22.10.0",
        "bun-types": "latest",
        "typescript": "^5.9.3",
      },
    },
  },
  "packages": {
    "@ai-sdk/gateway": ["@ai-sdk/gateway@3.0.125", "", { "dependencies": { "@ai-sdk/provider": "3.0.10", "@ai-sdk/provider-utils": "4.0.27", "@vercel/oidc": "3.2.0" }, "peerDependencies": { "zod": "^3.25.76 || ^4.1.8" } }, "sha512-tocl7cUDoTpmhZqeW8XVKMMznZQwwQAEunF0VyNKmf64qt8NbMIAEiet/vRMzh7Jr9WcFeb6EZjmhLTP4Qx2Og=="],

    "@ai-sdk/google": ["@ai-sdk/google@3.0.80", "", { "dependencies": { "@ai-sdk/provider": "3.0.10", "@ai-sdk/provider-utils": "4.0.27" }, "peerDependencies": { "zod": "^3.25.76 || ^4.1.8" } }, "sha512-5ORbm/yFUPO0MEvZsxBMN0cdKw2+lwU/wVn5KN3KF8Dmk1LughuDuUohMh/7iU/XFTiyB0OvmTW/tdV/J7O9zg=="],

    "@ai-sdk/openai": ["@ai-sdk/openai@3.0.68", "", { "dependencies": { "@ai-sdk/provider": "3.0.10", "@ai-sdk/provider-utils": "4.0.27" }, "peerDependencies": { "zod": "^3.25.76 || ^4.1.8" } }, "sha512-FCs/DPr4M95UyZ/ABHJmTmCEYRCka/4J0Bna0nsd78QCdGIS0X/zhn+fVzB7mZJo7464uOWYUjROx9PGNGOb0w=="],

    "@ai-sdk/openai-compatible": ["@ai-sdk/openai-compatible@2.0.48", "", { "dependencies": { "@ai-sdk/provider": "3.0.10", "@ai-sdk/provider-utils": "4.0.27" }, "peerDependencies": { "zod": "^3.25.76 || ^4.1.8" } }, "sha512-z9MC6M4Oh/yUY/F/eszOtO8wc2nMz99XmZQKd2gWTtyIfe716xTfrKe3aYZKg20NZDtyjqPPKPSR+wqz7q1T7Q=="],

    "@ai-sdk/provider": ["@ai-sdk/provider@3.0.10", "", { "dependencies": { "json-schema": "^0.4.0" } }, "sha512-Q3BZ27qfpYqnCYGvE3vt+Qi6LGOF9R5Nmzn+9JoM1lCRsD9mYaIhfJLkSunN48nfGXJ6n+XNV0J/XVpqGQl7Dw=="],

    "@ai-sdk/provider-utils": ["@ai-sdk/provider-utils@4.0.27", "", { "dependencies": { "@ai-sdk/provider": "3.0.10", "@standard-schema/spec": "^1.1.0", "eventsource-parser": "^3.0.8" }, "peerDependencies": { "zod": "^3.25.76 || ^4.1.8" } }, "sha512-ubkAJ+xODouwtmN1tYlvTPphH1hPOBfZaEQe8U7skGvFAnIRs9PPpsq57bC2+Ky/MB4yzhd6YOsxTAx9sGpazw=="],

    "@ai-sdk/xai": ["@ai-sdk/xai@3.0.93", "", { "dependencies": { "@ai-sdk/openai-compatible": "2.0.48", "@ai-sdk/provider": "3.0.10", "@ai-sdk/provider-utils": "4.0.27" }, "peerDependencies": { "zod": "^3.25.76 || ^4.1.8" } }, "sha512-HxazLIcSTgI0UQoq6ua0rcSR8+eXuNy0Qh4jkCY9EAWedYn6CQ0XD/j34U4/JYtO738xJdY+tE95okdqWqXkHA=="],

    "@kuralle-agents/core": ["@kuralle-agents/core@0.5.0", "", { "dependencies": { "chrono-node": "^2.6.0", "zod-to-json-schema": "^3.24.0" }, "peerDependencies": { "ai": "^6.0.0", "zod": "^3.0.0" } }, "sha512-n1zCIOA3hBMSL64P0/7v6qivNwutQSHCVP3XVOzjOTT11nrUQX13iqybR0nGlCiuvtFJHF/a9RRphTuAk6DENw=="],

    "@kuralle-agents/engagement": ["@kuralle-agents/engagement@0.5.0", "", { "dependencies": { "@kuralle-agents/core": "0.5.0", "@kuralle-agents/messaging": "0.5.0", "@kuralle-agents/messaging-meta": "0.5.0", "ai": "^6.0.0", "zod": "^3.24.2" } }, "sha512-w5yIbxVUVTCOTbha29nd2OwUkcRo5WDrdkzyAAMMHXhTJOP7cQJJyqpqjgFs5qsbbS22cgKsB+zySgdDIm6gaw=="],

    "@kuralle-agents/http-client": ["@kuralle-agents/http-client@0.5.0", "", {}, "sha512-RwuQSD1wqafQ5l5zrHaucyv0WTTKhISNm/fYBzHbB8gia5ILgnNbNbKSxKf84UrpMQsYTmeCbNtdKFbin9988A=="],

    "@kuralle-agents/messaging": ["@kuralle-agents/messaging@0.5.0", "", { "dependencies": { "@kuralle-agents/core": "0.5.0", "hono": "^4.7.4" } }, "sha512-j/fHsys8gd8Nj7lX3+as8Z8YZVrEU3DsEim3X0/rBIoOYos6hVOUjMX7PZBV7RVliHxujzQGj3Xg0ZqAzjjKCw=="],

    "@kuralle-agents/messaging-meta": ["@kuralle-agents/messaging-meta@0.5.0", "", { "dependencies": { "@kuralle-agents/http-client": "0.5.0", "@kuralle-agents/messaging": "0.5.0" }, "peerDependencies": { "hono": "^4.12.0" } }, "sha512-dAByTRXXNv6i3FiWH/5+Kr4RfziRGNIW3Kba/WYPfEUnKKTq+PO64MUpf8xVBE/IWBVAqlKTVyD1nKwQThkLGg=="],

    "@opentelemetry/api": ["@opentelemetry/api@1.9.1", "", {}, "sha512-gLyJlPHPZYdAk1JENA9LeHejZe1Ti77/pTeFm/nMXmQH/HFZlcS/O2XJB+L8fkbrNSqhdtlvjBVjxwUYanNH5Q=="],

    "@standard-schema/spec": ["@standard-schema/spec@1.1.0", "", {}, "sha512-l2aFy5jALhniG5HgqrD6jXLi/rUWrKvqN/qJx6yoJsgKhblVd+iqqU4RCXavm/jPityDo5TCvKMnpjKnOriy0w=="],

    "@types/node": ["@types/node@22.19.19", "", { "dependencies": { "undici-types": "~6.21.0" } }, "sha512-dyh/xO2Fh5bYrfWaaqGrRQQGkNdmYw6AmaAUvYeUMNTWQtvb796ikLdmTchRmOlOiIJ1TDXfWgVx1QkUlQ6Hew=="],

    "@vercel/oidc": ["@vercel/oidc@3.2.0", "", {}, "sha512-UycprH3T6n3jH0k44NHMa7pnFHGu/N05MjojYr+Mc6I7obkoLIJujSWwin1pCvdy/eOxrI/l3uDLQsmcrOb4ug=="],

    "ai": ["ai@6.0.197", "", { "dependencies": { "@ai-sdk/gateway": "3.0.125", "@ai-sdk/provider": "3.0.10", "@ai-sdk/provider-utils": "4.0.27", "@opentelemetry/api": "^1.9.0" }, "peerDependencies": { "zod": "^3.25.76 || ^4.1.8" } }, "sha512-U3KsjkqwQXGHC0u0VeUDqUaNaBS/uQc7v4Vj92Cjv5lPx5DIyRBQYk4Hipy5vwD9AQKIG8uRvdaN9R+pAvrtcQ=="],

    "bun-types": ["bun-types@1.3.14", "", { "dependencies": { "@types/node": "*" } }, "sha512-4N0ig0fEomHt5R0KCFWjovxow98rIoRwKolrYdCcknNwMekCXRnWEUvgu5soYV8QXtVsrUD8B95MBOZGPvr6KQ=="],

    "chrono-node": ["chrono-node@2.9.1", "", {}, "sha512-nqP8Zp11efCYQIESXPxeDM8ikzN5BDb3Zzou+a66fZq+X2hzKFdsNLQE2/uBAh//BZEMbaMo1eTnagK7hOenAg=="],

    "eventsource-parser": ["eventsource-parser@3.1.0", "", {}, "sha512-kJezFj9YFAMLeORyi7aCLxLbD5/qWMQnoMVlVPyHIll7lgRJCc3JVln9Vgl9nwQi0YkMnhdGTMNn7CkRRAptMg=="],

    "hono": ["hono@4.12.23", "", {}, "sha512-eIaZ9qDgu7XV0pxOCrg7/WhnQ6Ivm22UcxhXx/A3dcbqbbYgBEkc6e/J/s7j2tS96zoB0S9VBdLwQNCWwUo4LA=="],

    "json-schema": ["json-schema@0.4.0", "", {}, "sha512-es94M3nTIfsEPisRafak+HDLfHXnKBhV3vU5eqPcS3flIWqcxJWgXHXiey3YrpaNsanY5ei1VoYEbOzijuq9BA=="],

    "typescript": ["typescript@5.9.3", "", { "bin": { "tsc": "bin/tsc", "tsserver": "bin/tsserver" } }, "sha512-jl1vZzPDinLr9eUt3J/t7V6FgNEw9QjvBPdysz9KfQDD41fQrC2Y4vKQdiaUpFT4bXlb1RHhLpp8wtm6M5TgSw=="],

    "undici-types": ["undici-types@6.21.0", "", {}, "sha512-iwDZqg0QAGrg9Rav5H4n0M64c3mkR59cJ6wQp+7C4nI0gsmExaedaYLNO44eT4AtBBwjbTiGPMlt2Md0T9H9JQ=="],

    "zod": ["zod@3.25.76", "", {}, "sha512-gzUt/qt81nXsFGKIFcC3YnfEAx5NkunCfnDlvuBSSFS02bcXu4Lmea0AFIUwbLWxWPx3d9p8S5QoaujKcNQxcQ=="],

    "zod-to-json-schema": ["zod-to-json-schema@3.25.2", "", { "peerDependencies": { "zod": "^3.25.28 || ^4" } }, "sha512-O/PgfnpT1xKSDeQYSCfRI5Gy3hPf91mKVDuYLUHZJMiDFptvP41MSnWofm8dnCm0256ZNfZIM7DSzuSMAFnjHA=="],
  }
}
